
Microsoft Visual Studio Solution File, Format Version 12.00
# Visual Studio Version 16
VisualStudioVersion = 16.0.30611.23
MinimumVisualStudioVersion = 10.0.40219.1
Project("{FAE04EC0-301F-11D3-BF4B-00C04F79EFBC}") = "HeadsOrTails", "HeadsOrTails\HeadsOrTails.csproj", "{B0F6B8AE-CEAC-4027-ABBB-5FC7142A88F5}"
EndProject
Global
	GlobalSection(SolutionConfigurationPlatforms) = preSolution
		Debug|Any CPU = Debug|Any CPU
		Release|Any CPU = Release|Any CPU
	EndGlobalSection
	GlobalSection(ProjectConfigurationPlatforms) = postSolution
		{B0F6B8AE-CEAC-4027-ABBB-5FC7142A88F5}.Debug|Any CPU.ActiveCfg = Debug|Any CPU
		{B0F6B8AE-CEAC-4027-ABBB-5FC7142A88F5}.Debug|Any CPU.Build.0 = Debug|Any CPU
		{B0F6B8AE-CEAC-4027-ABBB-5FC7142A88F5}.Release|Any CPU.ActiveCfg = Release|Any CPU
		{B0F6B8AE-CEAC-4027-ABBB-5FC7142A88F5}.Release|Any CPU.Build.0 = Release|Any CPU
	EndGlobalSection
	GlobalSection(SolutionProperties) = preSolution
		HideSolutionNode = FALSE
	EndGlobalSection
	GlobalSection(ExtensibilityGlobals) = postSolution
		SolutionGuid = {80D03B6D-2444-49FA-9FA2-990BFCCC2869}
	EndGlobalSection
EndGlobal
